// !$*UTF8*$!
{
	archiveVersion = 1;
	classes = {
	};
	objectVersion = 56;
	objects = {

/* Begin PBXBuildFile section */
		1E3A1E9D2C7887060096708D /* LinerApp.swift in Sources */ = {isa = PBXBuildFile; fileRef = 1E3A1E9C2C7887060096708D /* LinerApp.swift */; };
		1E3A1E9F2C7887060096708D /* ContentView.swift in Sources */ = {isa = PBXBuildFile; fileRef = 1E3A1E9E2C7887060096708D /* ContentView.swift */; };
		1E3A1EA12C7887070096708D /* Assets.xcassets in Resources */ = {isa = PBXBuildFile; fileRef = 1E3A1EA02C7887070096708D /* Assets.xcassets */; };
		1E3A1EA42C7887070096708D /* Preview Assets.xcassets in Resources */ = {isa = PBXBuildFile; fileRef = 1E3A1EA32C7887070096708D /* Preview Assets.xcassets */; };
		1E3A1EB02C78877D0096708D /* Meeting.swift in Sources */ = {isa = PBXBuildFile; fileRef = 1E3A1EAF2C78877D0096708D /* Meeting.swift */; };
		1E3A1EB22C7887880096708D /* ViewModelExample.swift in Sources */ = {isa = PBXBuildFile; fileRef = 1E3A1EB12C7887880096708D /* ViewModelExample.swift */; };
		1E3A1EB42C7887940096708D /* SidebarView.swift in Sources */ = {isa = PBXBuildFile; fileRef = 1E3A1EB32C7887940096708D /* SidebarView.swift */; };
		1E3A1EB62C78879F0096708D /* ExtensionExample.swift in Sources */ = {isa = PBXBuildFile; fileRef = 1E3A1EB52C78879F0096708D /* ExtensionExample.swift */; };
		1E3A1EB82C7887A90096708D /* DesignSystemExample.swift in Sources */ = {isa = PBXBuildFile; fileRef = 1E3A1EB72C7887A90096708D /* DesignSystemExample.swift */; };
		1E3A1EBA2C78B3B50096708D /* MeetingView.swift in Sources */ = {isa = PBXBuildFile; fileRef = 1E3A1EB92C78B3B50096708D /* MeetingView.swift */; };
		1E3A1EBE2C79859E0096708D /* RequestView.swift in Sources */ = {isa = PBXBuildFile; fileRef = 1E3A1EBD2C79859E0096708D /* RequestView.swift */; };
		2129928F2C79F8A1004A92E0 /* AppDelegate.swift in Sources */ = {isa = PBXBuildFile; fileRef = 2129928E2C79F8A1004A92E0 /* AppDelegate.swift */; };
		212992952C79F998004A92E0 /* FirebaseAnalytics in Frameworks */ = {isa = PBXBuildFile; productRef = 212992942C79F998004A92E0 /* FirebaseAnalytics */; };
		212992972C79F998004A92E0 /* FirebaseFirestore in Frameworks */ = {isa = PBXBuildFile; productRef = 212992962C79F998004A92E0 /* FirebaseFirestore */; };
		212992992C79F998004A92E0 /* FirebaseInAppMessaging-Beta in Frameworks */ = {isa = PBXBuildFile; productRef = 212992982C79F998004A92E0 /* FirebaseInAppMessaging-Beta */; };
		2129929B2C79F998004A92E0 /* FirebaseMessaging in Frameworks */ = {isa = PBXBuildFile; productRef = 2129929A2C79F998004A92E0 /* FirebaseMessaging */; };
		2129929F2C7A1011004A92E0 /* UserInfoCreateTest.swift in Sources */ = {isa = PBXBuildFile; fileRef = 2129929E2C7A1011004A92E0 /* UserInfoCreateTest.swift */; };
		212992A12C7A1040004A92E0 /* DateFormatterManager.swift in Sources */ = {isa = PBXBuildFile; fileRef = 212992A02C7A1040004A92E0 /* DateFormatterManager.swift */; };
		212992A32C7A107A004A92E0 /* FirebaseUserViewModel.swift in Sources */ = {isa = PBXBuildFile; fileRef = 212992A22C7A107A004A92E0 /* FirebaseUserViewModel.swift */; };
		212992A52C7A1096004A92E0 /* MeetingCreateTest.swift in Sources */ = {isa = PBXBuildFile; fileRef = 212992A42C7A1096004A92E0 /* MeetingCreateTest.swift */; };
		212992A72C7A121B004A92E0 /* FirebaseMeetingViewModel.swift in Sources */ = {isa = PBXBuildFile; fileRef = 212992A62C7A121B004A92E0 /* FirebaseMeetingViewModel.swift */; };
		38EEF3B82C797B3600014378 /* GoogleService-Info.plist in Resources */ = {isa = PBXBuildFile; fileRef = 38EEF3B72C797B3600014378 /* GoogleService-Info.plist */; };
/* End PBXBuildFile section */

/* Begin PBXFileReference section */
		1E3A1E992C7887060096708D /* Liner.app */ = {isa = PBXFileReference; explicitFileType = wrapper.application; includeInIndex = 0; path = Liner.app; sourceTree = BUILT_PRODUCTS_DIR; };
		1E3A1E9C2C7887060096708D /* LinerApp.swift */ = {isa = PBXFileReference; lastKnownFileType = sourcecode.swift; path = LinerApp.swift; sourceTree = "<group>"; };
		1E3A1E9E2C7887060096708D /* ContentView.swift */ = {isa = PBXFileReference; lastKnownFileType = sourcecode.swift; path = ContentView.swift; sourceTree = "<group>"; };
		1E3A1EA02C7887070096708D /* Assets.xcassets */ = {isa = PBXFileReference; lastKnownFileType = folder.assetcatalog; path = Assets.xcassets; sourceTree = "<group>"; };
		1E3A1EA32C7887070096708D /* Preview Assets.xcassets */ = {isa = PBXFileReference; lastKnownFileType = folder.assetcatalog; path = "Preview Assets.xcassets"; sourceTree = "<group>"; };
		1E3A1EAF2C78877D0096708D /* Meeting.swift */ = {isa = PBXFileReference; lastKnownFileType = sourcecode.swift; path = Meeting.swift; sourceTree = "<group>"; };
		1E3A1EB12C7887880096708D /* ViewModelExample.swift */ = {isa = PBXFileReference; lastKnownFileType = sourcecode.swift; path = ViewModelExample.swift; sourceTree = "<group>"; };
		1E3A1EB32C7887940096708D /* SidebarView.swift */ = {isa = PBXFileReference; lastKnownFileType = sourcecode.swift; path = SidebarView.swift; sourceTree = "<group>"; };
		1E3A1EB52C78879F0096708D /* ExtensionExample.swift */ = {isa = PBXFileReference; lastKnownFileType = sourcecode.swift; path = ExtensionExample.swift; sourceTree = "<group>"; };
		1E3A1EB72C7887A90096708D /* DesignSystemExample.swift */ = {isa = PBXFileReference; lastKnownFileType = sourcecode.swift; path = DesignSystemExample.swift; sourceTree = "<group>"; };
		1E3A1EB92C78B3B50096708D /* MeetingView.swift */ = {isa = PBXFileReference; lastKnownFileType = sourcecode.swift; path = MeetingView.swift; sourceTree = "<group>"; };
		1E3A1EBD2C79859E0096708D /* RequestView.swift */ = {isa = PBXFileReference; lastKnownFileType = sourcecode.swift; path = RequestView.swift; sourceTree = "<group>"; };
		2129928E2C79F8A1004A92E0 /* AppDelegate.swift */ = {isa = PBXFileReference; lastKnownFileType = sourcecode.swift; path = AppDelegate.swift; sourceTree = "<group>"; };
		2129929C2C79FA7F004A92E0 /* Liner.entitlements */ = {isa = PBXFileReference; lastKnownFileType = text.plist.entitlements; path = Liner.entitlements; sourceTree = "<group>"; };
		2129929D2C79FA93004A92E0 /* Info.plist */ = {isa = PBXFileReference; lastKnownFileType = text.plist; path = Info.plist; sourceTree = "<group>"; };
		2129929E2C7A1011004A92E0 /* UserInfoCreateTest.swift */ = {isa = PBXFileReference; lastKnownFileType = sourcecode.swift; path = UserInfoCreateTest.swift; sourceTree = "<group>"; };
		212992A02C7A1040004A92E0 /* DateFormatterManager.swift */ = {isa = PBXFileReference; lastKnownFileType = sourcecode.swift; path = DateFormatterManager.swift; sourceTree = "<group>"; };
		212992A22C7A107A004A92E0 /* FirebaseUserViewModel.swift */ = {isa = PBXFileReference; lastKnownFileType = sourcecode.swift; path = FirebaseUserViewModel.swift; sourceTree = "<group>"; };
		212992A42C7A1096004A92E0 /* MeetingCreateTest.swift */ = {isa = PBXFileReference; lastKnownFileType = sourcecode.swift; path = MeetingCreateTest.swift; sourceTree = "<group>"; };
		212992A62C7A121B004A92E0 /* FirebaseMeetingViewModel.swift */ = {isa = PBXFileReference; lastKnownFileType = sourcecode.swift; path = FirebaseMeetingViewModel.swift; sourceTree = "<group>"; };
		38EEF3B72C797B3600014378 /* GoogleService-Info.plist */ = {isa = PBXFileReference; fileEncoding = 4; lastKnownFileType = text.plist.xml; path = "GoogleService-Info.plist"; sourceTree = "<group>"; };
/* End PBXFileReference section */

/* Begin PBXFrameworksBuildPhase section */
		1E3A1E962C7887060096708D /* Frameworks */ = {
			isa = PBXFrameworksBuildPhase;
			buildActionMask = 2147483647;
			files = (
				2129929B2C79F998004A92E0 /* FirebaseMessaging in Frameworks */,
				212992952C79F998004A92E0 /* FirebaseAnalytics in Frameworks */,
				212992972C79F998004A92E0 /* FirebaseFirestore in Frameworks */,
				212992992C79F998004A92E0 /* FirebaseInAppMessaging-Beta in Frameworks */,
			);
			runOnlyForDeploymentPostprocessing = 0;
		};
/* End PBXFrameworksBuildPhase section */

/* Begin PBXGroup section */
		1E3A1E902C7887060096708D = {
			isa = PBXGroup;
			children = (
				1E3A1E9B2C7887060096708D /* Liner */,
				1E3A1E9A2C7887060096708D /* Products */,
				212992902C79F8BD004A92E0 /* Frameworks */,
			);
			sourceTree = "<group>";
		};
		1E3A1E9A2C7887060096708D /* Products */ = {
			isa = PBXGroup;
			children = (
				1E3A1E992C7887060096708D /* Liner.app */,
			);
			name = Products;
			sourceTree = "<group>";
		};
		1E3A1E9B2C7887060096708D /* Liner */ = {
			isa = PBXGroup;
			children = (
				2129929D2C79FA93004A92E0 /* Info.plist */,
				2129929C2C79FA7F004A92E0 /* Liner.entitlements */,
				38EEF3B72C797B3600014378 /* GoogleService-Info.plist */,
				1E3A1EAA2C78870C0096708D /* Model */,
				1E3A1EAB2C7887120096708D /* ViewModel */,
				1E3A1EAC2C7887220096708D /* View */,
				1E3A1EAD2C78872B0096708D /* Extension */,
				1E3A1EAE2C7887330096708D /* DesignSystem */,
				1E3A1E9C2C7887060096708D /* LinerApp.swift */,
				1E3A1E9E2C7887060096708D /* ContentView.swift */,
				1E3A1EA22C7887070096708D /* Preview Content */,
				2129928E2C79F8A1004A92E0 /* AppDelegate.swift */,
			);
			path = Liner;
			sourceTree = "<group>";
		};
		1E3A1EA22C7887070096708D /* Preview Content */ = {
			isa = PBXGroup;
			children = (
				1E3A1EA32C7887070096708D /* Preview Assets.xcassets */,
			);
			path = "Preview Content";
			sourceTree = "<group>";
		};
		1E3A1EAA2C78870C0096708D /* Model */ = {
			isa = PBXGroup;
			children = (
				1E3A1EAF2C78877D0096708D /* Meeting.swift */,
			);
			path = Model;
			sourceTree = "<group>";
		};
		1E3A1EAB2C7887120096708D /* ViewModel */ = {
			isa = PBXGroup;
			children = (
				212992A62C7A121B004A92E0 /* FirebaseMeetingViewModel.swift */,
				212992A22C7A107A004A92E0 /* FirebaseUserViewModel.swift */,
				1E3A1EB12C7887880096708D /* ViewModelExample.swift */,
			);
			path = ViewModel;
			sourceTree = "<group>";
		};
		1E3A1EAC2C7887220096708D /* View */ = {
			isa = PBXGroup;
			children = (
				212992A42C7A1096004A92E0 /* MeetingCreateTest.swift */,
				2129929E2C7A1011004A92E0 /* UserInfoCreateTest.swift */,
				1E3A1EB92C78B3B50096708D /* MeetingView.swift */,
				1E3A1EBD2C79859E0096708D /* RequestView.swift */,
				1E3A1EB32C7887940096708D /* SidebarView.swift */,
			);
			path = View;
			sourceTree = "<group>";
		};
		1E3A1EAD2C78872B0096708D /* Extension */ = {
			isa = PBXGroup;
			children = (
				212992A02C7A1040004A92E0 /* DateFormatterManager.swift */,
				1E3A1EB52C78879F0096708D /* ExtensionExample.swift */,
			);
			path = Extension;
			sourceTree = "<group>";
		};
		1E3A1EAE2C7887330096708D /* DesignSystem */ = {
			isa = PBXGroup;
			children = (
				1E3A1EA02C7887070096708D /* Assets.xcassets */,
				1E3A1EB72C7887A90096708D /* DesignSystemExample.swift */,
			);
			path = DesignSystem;
			sourceTree = "<group>";
		};
		212992902C79F8BD004A92E0 /* Frameworks */ = {
			isa = PBXGroup;
			children = (
			);
			name = Frameworks;
			sourceTree = "<group>";
		};
/* End PBXGroup section */

/* Begin PBXNativeTarget section */
		1E3A1E982C7887060096708D /* Liner */ = {
			isa = PBXNativeTarget;
			buildConfigurationList = 1E3A1EA72C7887070096708D /* Build configuration list for PBXNativeTarget "Liner" */;
			buildPhases = (
				1E3A1E952C7887060096708D /* Sources */,
				1E3A1E962C7887060096708D /* Frameworks */,
				1E3A1E972C7887060096708D /* Resources */,
			);
			buildRules = (
			);
			dependencies = (
			);
			name = Liner;
			packageProductDependencies = (
				212992942C79F998004A92E0 /* FirebaseAnalytics */,
				212992962C79F998004A92E0 /* FirebaseFirestore */,
				212992982C79F998004A92E0 /* FirebaseInAppMessaging-Beta */,
				2129929A2C79F998004A92E0 /* FirebaseMessaging */,
			);
			productName = Liner;
			productReference = 1E3A1E992C7887060096708D /* Liner.app */;
			productType = "com.apple.product-type.application";
		};
/* End PBXNativeTarget section */

/* Begin PBXProject section */
		1E3A1E912C7887060096708D /* Project object */ = {
			isa = PBXProject;
			attributes = {
				BuildIndependentTargetsInParallel = 1;
				LastSwiftUpdateCheck = 1540;
				LastUpgradeCheck = 1540;
				TargetAttributes = {
					1E3A1E982C7887060096708D = {
						CreatedOnToolsVersion = 15.4;
					};
				};
			};
			buildConfigurationList = 1E3A1E942C7887060096708D /* Build configuration list for PBXProject "Liner" */;
			compatibilityVersion = "Xcode 14.0";
			developmentRegion = en;
			hasScannedForEncodings = 0;
			knownRegions = (
				en,
				Base,
			);
			mainGroup = 1E3A1E902C7887060096708D;
			packageReferences = (
				212992932C79F998004A92E0 /* XCRemoteSwiftPackageReference "firebase-ios-sdk" */,
			);
			productRefGroup = 1E3A1E9A2C7887060096708D /* Products */;
			projectDirPath = "";
			projectRoot = "";
			targets = (
				1E3A1E982C7887060096708D /* Liner */,
			);
		};
/* End PBXProject section */

/* Begin PBXResourcesBuildPhase section */
		1E3A1E972C7887060096708D /* Resources */ = {
			isa = PBXResourcesBuildPhase;
			buildActionMask = 2147483647;
			files = (
				1E3A1EA42C7887070096708D /* Preview Assets.xcassets in Resources */,
				1E3A1EA12C7887070096708D /* Assets.xcassets in Resources */,
				38EEF3B82C797B3600014378 /* GoogleService-Info.plist in Resources */,
			);
			runOnlyForDeploymentPostprocessing = 0;
		};
/* End PBXResourcesBuildPhase section */

/* Begin PBXSourcesBuildPhase section */
		1E3A1E952C7887060096708D /* Sources */ = {
			isa = PBXSourcesBuildPhase;
			buildActionMask = 2147483647;
			files = (
				212992A12C7A1040004A92E0 /* DateFormatterManager.swift in Sources */,
				1E3A1EB62C78879F0096708D /* ExtensionExample.swift in Sources */,
				212992A52C7A1096004A92E0 /* MeetingCreateTest.swift in Sources */,
				212992A72C7A121B004A92E0 /* FirebaseMeetingViewModel.swift in Sources */,
				212992A32C7A107A004A92E0 /* FirebaseUserViewModel.swift in Sources */,
				1E3A1EBA2C78B3B50096708D /* MeetingView.swift in Sources */,
				1E3A1EB02C78877D0096708D /* Meeting.swift in Sources */,
				2129928F2C79F8A1004A92E0 /* AppDelegate.swift in Sources */,
				1E3A1EB02C78877D0096708D /* Meeting.swift in Sources */,
				1E3A1EB82C7887A90096708D /* DesignSystemExample.swift in Sources */,
				1E3A1EB42C7887940096708D /* SidebarView.swift in Sources */,
				1E3A1EBE2C79859E0096708D /* RequestView.swift in Sources */,
				1E3A1EB22C7887880096708D /* ViewModelExample.swift in Sources */,
				1E3A1E9F2C7887060096708D /* ContentView.swift in Sources */,
				2129929F2C7A1011004A92E0 /* UserInfoCreateTest.swift in Sources */,
				1E3A1E9D2C7887060096708D /* LinerApp.swift in Sources */,
			);
			runOnlyForDeploymentPostprocessing = 0;
		};
/* End PBXSourcesBuildPhase section */

/* Begin XCBuildConfiguration section */
		1E3A1EA52C7887070096708D /* Debug */ = {
			isa = XCBuildConfiguration;
			buildSettings = {
				ALWAYS_SEARCH_USER_PATHS = NO;
				ASSETCATALOG_COMPILER_GENERATE_SWIFT_ASSET_SYMBOL_EXTENSIONS = YES;
				CLANG_ANALYZER_NONNULL = YES;
				CLANG_ANALYZER_NUMBER_OBJECT_CONVERSION = YES_AGGRESSIVE;
				CLANG_CXX_LANGUAGE_STANDARD = "gnu++20";
				CLANG_ENABLE_MODULES = YES;
				CLANG_ENABLE_OBJC_ARC = YES;
				CLANG_ENABLE_OBJC_WEAK = YES;
				CLANG_WARN_BLOCK_CAPTURE_AUTORELEASING = YES;
				CLANG_WARN_BOOL_CONVERSION = YES;
				CLANG_WARN_COMMA = YES;
				CLANG_WARN_CONSTANT_CONVERSION = YES;
				CLANG_WARN_DEPRECATED_OBJC_IMPLEMENTATIONS = YES;
				CLANG_WARN_DIRECT_OBJC_ISA_USAGE = YES_ERROR;
				CLANG_WARN_DOCUMENTATION_COMMENTS = YES;
				CLANG_WARN_EMPTY_BODY = YES;
				CLANG_WARN_ENUM_CONVERSION = YES;
				CLANG_WARN_INFINITE_RECURSION = YES;
				CLANG_WARN_INT_CONVERSION = YES;
				CLANG_WARN_NON_LITERAL_NULL_CONVERSION = YES;
				CLANG_WARN_OBJC_IMPLICIT_RETAIN_SELF = YES;
				CLANG_WARN_OBJC_LITERAL_CONVERSION = YES;
				CLANG_WARN_OBJC_ROOT_CLASS = YES_ERROR;
				CLANG_WARN_QUOTED_INCLUDE_IN_FRAMEWORK_HEADER = YES;
				CLANG_WARN_RANGE_LOOP_ANALYSIS = YES;
				CLANG_WARN_STRICT_PROTOTYPES = YES;
				CLANG_WARN_SUSPICIOUS_MOVE = YES;
				CLANG_WARN_UNGUARDED_AVAILABILITY = YES_AGGRESSIVE;
				CLANG_WARN_UNREACHABLE_CODE = YES;
				CLANG_WARN__DUPLICATE_METHOD_MATCH = YES;
				COPY_PHASE_STRIP = NO;
				DEBUG_INFORMATION_FORMAT = dwarf;
				ENABLE_STRICT_OBJC_MSGSEND = YES;
				ENABLE_TESTABILITY = YES;
				ENABLE_USER_SCRIPT_SANDBOXING = YES;
				GCC_C_LANGUAGE_STANDARD = gnu17;
				GCC_DYNAMIC_NO_PIC = NO;
				GCC_NO_COMMON_BLOCKS = YES;
				GCC_OPTIMIZATION_LEVEL = 0;
				GCC_PREPROCESSOR_DEFINITIONS = (
					"DEBUG=1",
					"$(inherited)",
				);
				GCC_WARN_64_TO_32_BIT_CONVERSION = YES;
				GCC_WARN_ABOUT_RETURN_TYPE = YES_ERROR;
				GCC_WARN_UNDECLARED_SELECTOR = YES;
				GCC_WARN_UNINITIALIZED_AUTOS = YES_AGGRESSIVE;
				GCC_WARN_UNUSED_FUNCTION = YES;
				GCC_WARN_UNUSED_VARIABLE = YES;
				IPHONEOS_DEPLOYMENT_TARGET = 17.5;
				LOCALIZATION_PREFERS_STRING_CATALOGS = YES;
				MTL_ENABLE_DEBUG_INFO = INCLUDE_SOURCE;
				MTL_FAST_MATH = YES;
				ONLY_ACTIVE_ARCH = YES;
				SDKROOT = iphoneos;
				SWIFT_ACTIVE_COMPILATION_CONDITIONS = "DEBUG $(inherited)";
				SWIFT_OPTIMIZATION_LEVEL = "-Onone";
			};
			name = Debug;
		};
		1E3A1EA62C7887070096708D /* Release */ = {
			isa = XCBuildConfiguration;
			buildSettings = {
				ALWAYS_SEARCH_USER_PATHS = NO;
				ASSETCATALOG_COMPILER_GENERATE_SWIFT_ASSET_SYMBOL_EXTENSIONS = YES;
				CLANG_ANALYZER_NONNULL = YES;
				CLANG_ANALYZER_NUMBER_OBJECT_CONVERSION = YES_AGGRESSIVE;
				CLANG_CXX_LANGUAGE_STANDARD = "gnu++20";
				CLANG_ENABLE_MODULES = YES;
				CLANG_ENABLE_OBJC_ARC = YES;
				CLANG_ENABLE_OBJC_WEAK = YES;
				CLANG_WARN_BLOCK_CAPTURE_AUTORELEASING = YES;
				CLANG_WARN_BOOL_CONVERSION = YES;
				CLANG_WARN_COMMA = YES;
				CLANG_WARN_CONSTANT_CONVERSION = YES;
				CLANG_WARN_DEPRECATED_OBJC_IMPLEMENTATIONS = YES;
				CLANG_WARN_DIRECT_OBJC_ISA_USAGE = YES_ERROR;
				CLANG_WARN_DOCUMENTATION_COMMENTS = YES;
				CLANG_WARN_EMPTY_BODY = YES;
				CLANG_WARN_ENUM_CONVERSION = YES;
				CLANG_WARN_INFINITE_RECURSION = YES;
				CLANG_WARN_INT_CONVERSION = YES;
				CLANG_WARN_NON_LITERAL_NULL_CONVERSION = YES;
				CLANG_WARN_OBJC_IMPLICIT_RETAIN_SELF = YES;
				CLANG_WARN_OBJC_LITERAL_CONVERSION = YES;
				CLANG_WARN_OBJC_ROOT_CLASS = YES_ERROR;
				CLANG_WARN_QUOTED_INCLUDE_IN_FRAMEWORK_HEADER = YES;
				CLANG_WARN_RANGE_LOOP_ANALYSIS = YES;
				CLANG_WARN_STRICT_PROTOTYPES = YES;
				CLANG_WARN_SUSPICIOUS_MOVE = YES;
				CLANG_WARN_UNGUARDED_AVAILABILITY = YES_AGGRESSIVE;
				CLANG_WARN_UNREACHABLE_CODE = YES;
				CLANG_WARN__DUPLICATE_METHOD_MATCH = YES;
				COPY_PHASE_STRIP = NO;
				DEBUG_INFORMATION_FORMAT = "dwarf-with-dsym";
				ENABLE_NS_ASSERTIONS = NO;
				ENABLE_STRICT_OBJC_MSGSEND = YES;
				ENABLE_USER_SCRIPT_SANDBOXING = YES;
				GCC_C_LANGUAGE_STANDARD = gnu17;
				GCC_NO_COMMON_BLOCKS = YES;
				GCC_WARN_64_TO_32_BIT_CONVERSION = YES;
				GCC_WARN_ABOUT_RETURN_TYPE = YES_ERROR;
				GCC_WARN_UNDECLARED_SELECTOR = YES;
				GCC_WARN_UNINITIALIZED_AUTOS = YES_AGGRESSIVE;
				GCC_WARN_UNUSED_FUNCTION = YES;
				GCC_WARN_UNUSED_VARIABLE = YES;
				IPHONEOS_DEPLOYMENT_TARGET = 17.5;
				LOCALIZATION_PREFERS_STRING_CATALOGS = YES;
				MTL_ENABLE_DEBUG_INFO = NO;
				MTL_FAST_MATH = YES;
				SDKROOT = iphoneos;
				SWIFT_COMPILATION_MODE = wholemodule;
				VALIDATE_PRODUCT = YES;
			};
			name = Release;
		};
		1E3A1EA82C7887070096708D /* Debug */ = {
			isa = XCBuildConfiguration;
			buildSettings = {
				ASSETCATALOG_COMPILER_APPICON_NAME = AppIcon;
				ASSETCATALOG_COMPILER_GLOBAL_ACCENT_COLOR_NAME = AccentColor;
				CODE_SIGN_ENTITLEMENTS = Liner/Liner.entitlements;
				CODE_SIGN_STYLE = Automatic;
				CURRENT_PROJECT_VERSION = 1;
				DEVELOPMENT_ASSET_PATHS = "\"Liner/Preview Content\"";
				DEVELOPMENT_TEAM = F5WP2FDW4U;
				ENABLE_PREVIEWS = YES;
				GENERATE_INFOPLIST_FILE = YES;
				INFOPLIST_FILE = Liner/Info.plist;
				INFOPLIST_KEY_UIApplicationSceneManifest_Generation = YES;
				INFOPLIST_KEY_UIApplicationSupportsIndirectInputEvents = YES;
				INFOPLIST_KEY_UILaunchScreen_Generation = YES;
				INFOPLIST_KEY_UISupportedInterfaceOrientations_iPad = "UIInterfaceOrientationPortrait UIInterfaceOrientationPortraitUpsideDown UIInterfaceOrientationLandscapeLeft UIInterfaceOrientationLandscapeRight";
				INFOPLIST_KEY_UISupportedInterfaceOrientations_iPhone = "UIInterfaceOrientationPortrait UIInterfaceOrientationLandscapeLeft UIInterfaceOrientationLandscapeRight";
				LD_RUNPATH_SEARCH_PATHS = (
					"$(inherited)",
					"@executable_path/Frameworks",
				);
				MARKETING_VERSION = 1.0;
				PRODUCT_BUNDLE_IDENTIFIER = com.hackathon.Liner;
				PRODUCT_NAME = "$(TARGET_NAME)";
				SWIFT_EMIT_LOC_STRINGS = YES;
				SWIFT_VERSION = 5.0;
				TARGETED_DEVICE_FAMILY = "1,2";
			};
			name = Debug;
		};
		1E3A1EA92C7887070096708D /* Release */ = {
			isa = XCBuildConfiguration;
			buildSettings = {
				ASSETCATALOG_COMPILER_APPICON_NAME = AppIcon;
				ASSETCATALOG_COMPILER_GLOBAL_ACCENT_COLOR_NAME = AccentColor;
				CODE_SIGN_ENTITLEMENTS = Liner/Liner.entitlements;
				CODE_SIGN_STYLE = Automatic;
				CURRENT_PROJECT_VERSION = 1;
				DEVELOPMENT_ASSET_PATHS = "\"Liner/Preview Content\"";
				DEVELOPMENT_TEAM = F5WP2FDW4U;
				ENABLE_PREVIEWS = YES;
				GENERATE_INFOPLIST_FILE = YES;
				INFOPLIST_FILE = Liner/Info.plist;
				INFOPLIST_KEY_UIApplicationSceneManifest_Generation = YES;
				INFOPLIST_KEY_UIApplicationSupportsIndirectInputEvents = YES;
				INFOPLIST_KEY_UILaunchScreen_Generation = YES;
				INFOPLIST_KEY_UISupportedInterfaceOrientations_iPad = "UIInterfaceOrientationPortrait UIInterfaceOrientationPortraitUpsideDown UIInterfaceOrientationLandscapeLeft UIInterfaceOrientationLandscapeRight";
				INFOPLIST_KEY_UISupportedInterfaceOrientations_iPhone = "UIInterfaceOrientationPortrait UIInterfaceOrientationLandscapeLeft UIInterfaceOrientationLandscapeRight";
				LD_RUNPATH_SEARCH_PATHS = (
					"$(inherited)",
					"@executable_path/Frameworks",
				);
				MARKETING_VERSION = 1.0;
				PRODUCT_BUNDLE_IDENTIFIER = com.hackathon.Liner;
				PRODUCT_NAME = "$(TARGET_NAME)";
				SWIFT_EMIT_LOC_STRINGS = YES;
				SWIFT_VERSION = 5.0;
				TARGETED_DEVICE_FAMILY = "1,2";
			};
			name = Release;
		};
/* End XCBuildConfiguration section */

/* Begin XCConfigurationList section */
		1E3A1E942C7887060096708D /* Build configuration list for PBXProject "Liner" */ = {
			isa = XCConfigurationList;
			buildConfigurations = (
				1E3A1EA52C7887070096708D /* Debug */,
				1E3A1EA62C7887070096708D /* Release */,
			);
			defaultConfigurationIsVisible = 0;
			defaultConfigurationName = Release;
		};
		1E3A1EA72C7887070096708D /* Build configuration list for PBXNativeTarget "Liner" */ = {
			isa = XCConfigurationList;
			buildConfigurations = (
				1E3A1EA82C7887070096708D /* Debug */,
				1E3A1EA92C7887070096708D /* Release */,
			);
			defaultConfigurationIsVisible = 0;
			defaultConfigurationName = Release;
		};
/* End XCConfigurationList section */

/* Begin XCRemoteSwiftPackageReference section */
		212992932C79F998004A92E0 /* XCRemoteSwiftPackageReference "firebase-ios-sdk" */ = {
			isa = XCRemoteSwiftPackageReference;
			repositoryURL = "https://github.com/firebase/firebase-ios-sdk";
			requirement = {
				kind = upToNextMajorVersion;
				minimumVersion = 11.1.0;
			};
		};
/* End XCRemoteSwiftPackageReference section */

/* Begin XCSwiftPackageProductDependency section */
		212992942C79F998004A92E0 /* FirebaseAnalytics */ = {
			isa = XCSwiftPackageProductDependency;
			package = 212992932C79F998004A92E0 /* XCRemoteSwiftPackageReference "firebase-ios-sdk" */;
			productName = FirebaseAnalytics;
		};
		212992962C79F998004A92E0 /* FirebaseFirestore */ = {
			isa = XCSwiftPackageProductDependency;
			package = 212992932C79F998004A92E0 /* XCRemoteSwiftPackageReference "firebase-ios-sdk" */;
			productName = FirebaseFirestore;
		};
		212992982C79F998004A92E0 /* FirebaseInAppMessaging-Beta */ = {
			isa = XCSwiftPackageProductDependency;
			package = 212992932C79F998004A92E0 /* XCRemoteSwiftPackageReference "firebase-ios-sdk" */;
			productName = "FirebaseInAppMessaging-Beta";
		};
		2129929A2C79F998004A92E0 /* FirebaseMessaging */ = {
			isa = XCSwiftPackageProductDependency;
			package = 212992932C79F998004A92E0 /* XCRemoteSwiftPackageReference "firebase-ios-sdk" */;
			productName = FirebaseMessaging;
		};
/* End XCSwiftPackageProductDependency section */
	};
	rootObject = 1E3A1E912C7887060096708D /* Project object */;
}
