// !$*UTF8*$!
{
	archiveVersion = 1;
	classes = {
	};
	objectVersion = 56;
	objects = {

/* Begin PBXBuildFile section */
		1E3A1E742C7858190096708D /* ChuncheonApp.swift in Sources */ = {isa = PBXBuildFile; fileRef = 1E3A1E732C7858190096708D /* ChuncheonApp.swift */; };
		1E3A1E762C7858190096708D /* ContentView.swift in Sources */ = {isa = PBXBuildFile; fileRef = 1E3A1E752C7858190096708D /* ContentView.swift */; };
		1E3A1E782C78581A0096708D /* Assets.xcassets in Resources */ = {isa = PBXBuildFile; fileRef = 1E3A1E772C78581A0096708D /* Assets.xcassets */; };
		1E3A1E7B2C78581A0096708D /* Preview Assets.xcassets in Resources */ = {isa = PBXBuildFile; fileRef = 1E3A1E7A2C78581A0096708D /* Preview Assets.xcassets */; };
		1E3A1E872C785B7A0096708D /* ModelExample.swift in Sources */ = {isa = PBXBuildFile; fileRef = 1E3A1E862C785B7A0096708D /* ModelExample.swift */; };
		1E3A1E892C785B820096708D /* ViewModelExample.swift in Sources */ = {isa = PBXBuildFile; fileRef = 1E3A1E882C785B820096708D /* ViewModelExample.swift */; };
		1E3A1E8B2C785B9A0096708D /* ViewExample.swift in Sources */ = {isa = PBXBuildFile; fileRef = 1E3A1E8A2C785B9A0096708D /* ViewExample.swift */; };
		1E3A1E8D2C785BBA0096708D /* ExtensionExample.swift in Sources */ = {isa = PBXBuildFile; fileRef = 1E3A1E8C2C785BBA0096708D /* ExtensionExample.swift */; };
		1E3A1E8F2C785BE90096708D /* DesignSystemExample.swift in Sources */ = {isa = PBXBuildFile; fileRef = 1E3A1E8E2C785BE90096708D /* DesignSystemExample.swift */; };
/* End PBXBuildFile section */

/* Begin PBXFileReference section */
		1E3A1E702C7858190096708D /* Chuncheon.app */ = {isa = PBXFileReference; explicitFileType = wrapper.application; includeInIndex = 0; path = Chuncheon.app; sourceTree = BUILT_PRODUCTS_DIR; };
		1E3A1E732C7858190096708D /* ChuncheonApp.swift */ = {isa = PBXFileReference; lastKnownFileType = sourcecode.swift; path = ChuncheonApp.swift; sourceTree = "<group>"; };
		1E3A1E752C7858190096708D /* ContentView.swift */ = {isa = PBXFileReference; lastKnownFileType = sourcecode.swift; path = ContentView.swift; sourceTree = "<group>"; };
		1E3A1E772C78581A0096708D /* Assets.xcassets */ = {isa = PBXFileReference; lastKnownFileType = folder.assetcatalog; path = Assets.xcassets; sourceTree = "<group>"; };
		1E3A1E7A2C78581A0096708D /* Preview Assets.xcassets */ = {isa = PBXFileReference; lastKnownFileType = folder.assetcatalog; path = "Preview Assets.xcassets"; sourceTree = "<group>"; };
		1E3A1E862C785B7A0096708D /* ModelExample.swift */ = {isa = PBXFileReference; lastKnownFileType = sourcecode.swift; path = ModelExample.swift; sourceTree = "<group>"; };
		1E3A1E882C785B820096708D /* ViewModelExample.swift */ = {isa = PBXFileReference; lastKnownFileType = sourcecode.swift; path = ViewModelExample.swift; sourceTree = "<group>"; };
		1E3A1E8A2C785B9A0096708D /* ViewExample.swift */ = {isa = PBXFileReference; lastKnownFileType = sourcecode.swift; path = ViewExample.swift; sourceTree = "<group>"; };
		1E3A1E8C2C785BBA0096708D /* ExtensionExample.swift */ = {isa = PBXFileReference; lastKnownFileType = sourcecode.swift; path = ExtensionExample.swift; sourceTree = "<group>"; };
		1E3A1E8E2C785BE90096708D /* DesignSystemExample.swift */ = {isa = PBXFileReference; lastKnownFileType = sourcecode.swift; path = DesignSystemExample.swift; sourceTree = "<group>"; };
/* End PBXFileReference section */

/* Begin PBXFrameworksBuildPhase section */
		1E3A1E6D2C7858190096708D /* Frameworks */ = {
			isa = PBXFrameworksBuildPhase;
			buildActionMask = 2147483647;
			files = (
			);
			runOnlyForDeploymentPostprocessing = 0;
		};
/* End PBXFrameworksBuildPhase section */

/* Begin PBXGroup section */
		1E3A1E672C7858190096708D = {
			isa = PBXGroup;
			children = (
				1E3A1E722C7858190096708D /* Chuncheon */,
				1E3A1E712C7858190096708D /* Products */,
			);
			sourceTree = "<group>";
		};
		1E3A1E712C7858190096708D /* Products */ = {
			isa = PBXGroup;
			children = (
				1E3A1E702C7858190096708D /* Chuncheon.app */,
			);
			name = Products;
			sourceTree = "<group>";
		};
		1E3A1E722C7858190096708D /* Chuncheon */ = {
			isa = PBXGroup;
			children = (
				1E3A1E822C78582C0096708D /* Model */,
				1E3A1E842C785B200096708D /* ViewModel */,
				1E3A1E812C7858240096708D /* View */,
				1E3A1E832C785B070096708D /* Extension */,
				1E3A1E852C785B590096708D /* DesignSystem */,
				1E3A1E732C7858190096708D /* ChuncheonApp.swift */,
				1E3A1E752C7858190096708D /* ContentView.swift */,
				1E3A1E772C78581A0096708D /* Assets.xcassets */,
				1E3A1E792C78581A0096708D /* Preview Content */,
			);
			path = Chuncheon;
			sourceTree = "<group>";
		};
		1E3A1E792C78581A0096708D /* Preview Content */ = {
			isa = PBXGroup;
			children = (
				1E3A1E7A2C78581A0096708D /* Preview Assets.xcassets */,
			);
			path = "Preview Content";
			sourceTree = "<group>";
		};
		1E3A1E812C7858240096708D /* View */ = {
			isa = PBXGroup;
			children = (
				1E3A1E8A2C785B9A0096708D /* ViewExample.swift */,
			);
			path = View;
			sourceTree = "<group>";
		};
		1E3A1E822C78582C0096708D /* Model */ = {
			isa = PBXGroup;
			children = (
				1E3A1E862C785B7A0096708D /* ModelExample.swift */,
			);
			path = Model;
			sourceTree = "<group>";
		};
		1E3A1E832C785B070096708D /* Extension */ = {
			isa = PBXGroup;
			children = (
				1E3A1E8C2C785BBA0096708D /* ExtensionExample.swift */,
			);
			path = Extension;
			sourceTree = "<group>";
		};
		1E3A1E842C785B200096708D /* ViewModel */ = {
			isa = PBXGroup;
			children = (
				1E3A1E882C785B820096708D /* ViewModelExample.swift */,
			);
			path = ViewModel;
			sourceTree = "<group>";
		};
		1E3A1E852C785B590096708D /* DesignSystem */ = {
			isa = PBXGroup;
			children = (
				1E3A1E8E2C785BE90096708D /* DesignSystemExample.swift */,
			);
			path = DesignSystem;
			sourceTree = "<group>";
		};
/* End PBXGroup section */

/* Begin PBXNativeTarget section */
		1E3A1E6F2C7858190096708D /* Chuncheon */ = {
			isa = PBXNativeTarget;
			buildConfigurationList = 1E3A1E7E2C78581A0096708D /* Build configuration list for PBXNativeTarget "Chuncheon" */;
			buildPhases = (
				1E3A1E6C2C7858190096708D /* Sources */,
				1E3A1E6D2C7858190096708D /* Frameworks */,
				1E3A1E6E2C7858190096708D /* Resources */,
			);
			buildRules = (
			);
			dependencies = (
			);
			name = Chuncheon;
			productName = Chuncheon;
			productReference = 1E3A1E702C7858190096708D /* Chuncheon.app */;
			productType = "com.apple.product-type.application";
		};
/* End PBXNativeTarget section */

/* Begin PBXProject section */
		1E3A1E682C7858190096708D /* Project object */ = {
			isa = PBXProject;
			attributes = {
				BuildIndependentTargetsInParallel = 1;
				LastSwiftUpdateCheck = 1540;
				LastUpgradeCheck = 1540;
				TargetAttributes = {
					1E3A1E6F2C7858190096708D = {
						CreatedOnToolsVersion = 15.4;
					};
				};
			};
			buildConfigurationList = 1E3A1E6B2C7858190096708D /* Build configuration list for PBXProject "Chuncheon" */;
			compatibilityVersion = "Xcode 14.0";
			developmentRegion = en;
			hasScannedForEncodings = 0;
			knownRegions = (
				en,
				Base,
			);
			mainGroup = 1E3A1E672C7858190096708D;
			productRefGroup = 1E3A1E712C7858190096708D /* Products */;
			projectDirPath = "";
			projectRoot = "";
			targets = (
				1E3A1E6F2C7858190096708D /* Chuncheon */,
			);
		};
/* End PBXProject section */

/* Begin PBXResourcesBuildPhase section */
		1E3A1E6E2C7858190096708D /* Resources */ = {
			isa = PBXResourcesBuildPhase;
			buildActionMask = 2147483647;
			files = (
				1E3A1E7B2C78581A0096708D /* Preview Assets.xcassets in Resources */,
				1E3A1E782C78581A0096708D /* Assets.xcassets in Resources */,
			);
			runOnlyForDeploymentPostprocessing = 0;
		};
/* End PBXResourcesBuildPhase section */

/* Begin PBXSourcesBuildPhase section */
		1E3A1E6C2C7858190096708D /* Sources */ = {
			isa = PBXSourcesBuildPhase;
			buildActionMask = 2147483647;
			files = (
				1E3A1E8D2C785BBA0096708D /* ExtensionExample.swift in Sources */,
				1E3A1E872C785B7A0096708D /* ModelExample.swift in Sources */,
				1E3A1E8F2C785BE90096708D /* DesignSystemExample.swift in Sources */,
				1E3A1E8B2C785B9A0096708D /* ViewExample.swift in Sources */,
				1E3A1E892C785B820096708D /* ViewModelExample.swift in Sources */,
				1E3A1E762C7858190096708D /* ContentView.swift in Sources */,
				1E3A1E742C7858190096708D /* ChuncheonApp.swift in Sources */,
			);
			runOnlyForDeploymentPostprocessing = 0;
		};
/* End PBXSourcesBuildPhase section */

/* Begin XCBuildConfiguration section */
		1E3A1E7C2C78581A0096708D /* Debug */ = {
			isa = XCBuildConfiguration;
			buildSettings = {
				ALWAYS_SEARCH_USER_PATHS = NO;
				ASSETCATALOG_COMPILER_GENERATE_SWIFT_ASSET_SYMBOL_EXTENSIONS = YES;
				CLANG_ANALYZER_NONNULL = YES;
				CLANG_ANALYZER_NUMBER_OBJECT_CONVERSION = YES_AGGRESSIVE;
				CLANG_CXX_LANGUAGE_STANDARD = "gnu++20";
				CLANG_ENABLE_MODULES = YES;
				CLANG_ENABLE_OBJC_ARC = YES;
				CLANG_ENABLE_OBJC_WEAK = YES;
				CLANG_WARN_BLOCK_CAPTURE_AUTORELEASING = YES;
				CLANG_WARN_BOOL_CONVERSION = YES;
				CLANG_WARN_COMMA = YES;
				CLANG_WARN_CONSTANT_CONVERSION = YES;
				CLANG_WARN_DEPRECATED_OBJC_IMPLEMENTATIONS = YES;
				CLANG_WARN_DIRECT_OBJC_ISA_USAGE = YES_ERROR;
				CLANG_WARN_DOCUMENTATION_COMMENTS = YES;
				CLANG_WARN_EMPTY_BODY = YES;
				CLANG_WARN_ENUM_CONVERSION = YES;
				CLANG_WARN_INFINITE_RECURSION = YES;
				CLANG_WARN_INT_CONVERSION = YES;
				CLANG_WARN_NON_LITERAL_NULL_CONVERSION = YES;
				CLANG_WARN_OBJC_IMPLICIT_RETAIN_SELF = YES;
				CLANG_WARN_OBJC_LITERAL_CONVERSION = YES;
				CLANG_WARN_OBJC_ROOT_CLASS = YES_ERROR;
				CLANG_WARN_QUOTED_INCLUDE_IN_FRAMEWORK_HEADER = YES;
				CLANG_WARN_RANGE_LOOP_ANALYSIS = YES;
				CLANG_WARN_STRICT_PROTOTYPES = YES;
				CLANG_WARN_SUSPICIOUS_MOVE = YES;
				CLANG_WARN_UNGUARDED_AVAILABILITY = YES_AGGRESSIVE;
				CLANG_WARN_UNREACHABLE_CODE = YES;
				CLANG_WARN__DUPLICATE_METHOD_MATCH = YES;
				COPY_PHASE_STRIP = NO;
				DEBUG_INFORMATION_FORMAT = dwarf;
				ENABLE_STRICT_OBJC_MSGSEND = YES;
				ENABLE_TESTABILITY = YES;
				ENABLE_USER_SCRIPT_SANDBOXING = YES;
				GCC_C_LANGUAGE_STANDARD = gnu17;
				GCC_DYNAMIC_NO_PIC = NO;
				GCC_NO_COMMON_BLOCKS = YES;
				GCC_OPTIMIZATION_LEVEL = 0;
				GCC_PREPROCESSOR_DEFINITIONS = (
					"DEBUG=1",
					"$(inherited)",
				);
				GCC_WARN_64_TO_32_BIT_CONVERSION = YES;
				GCC_WARN_ABOUT_RETURN_TYPE = YES_ERROR;
				GCC_WARN_UNDECLARED_SELECTOR = YES;
				GCC_WARN_UNINITIALIZED_AUTOS = YES_AGGRESSIVE;
				GCC_WARN_UNUSED_FUNCTION = YES;
				GCC_WARN_UNUSED_VARIABLE = YES;
				IPHONEOS_DEPLOYMENT_TARGET = 17.5;
				LOCALIZATION_PREFERS_STRING_CATALOGS = YES;
				MTL_ENABLE_DEBUG_INFO = INCLUDE_SOURCE;
				MTL_FAST_MATH = YES;
				ONLY_ACTIVE_ARCH = YES;
				SDKROOT = iphoneos;
				SWIFT_ACTIVE_COMPILATION_CONDITIONS = "DEBUG $(inherited)";
				SWIFT_OPTIMIZATION_LEVEL = "-Onone";
			};
			name = Debug;
		};
		1E3A1E7D2C78581A0096708D /* Release */ = {
			isa = XCBuildConfiguration;
			buildSettings = {
				ALWAYS_SEARCH_USER_PATHS = NO;
				ASSETCATALOG_COMPILER_GENERATE_SWIFT_ASSET_SYMBOL_EXTENSIONS = YES;
				CLANG_ANALYZER_NONNULL = YES;
				CLANG_ANALYZER_NUMBER_OBJECT_CONVERSION = YES_AGGRESSIVE;
				CLANG_CXX_LANGUAGE_STANDARD = "gnu++20";
				CLANG_ENABLE_MODULES = YES;
				CLANG_ENABLE_OBJC_ARC = YES;
				CLANG_ENABLE_OBJC_WEAK = YES;
				CLANG_WARN_BLOCK_CAPTURE_AUTORELEASING = YES;
				CLANG_WARN_BOOL_CONVERSION = YES;
				CLANG_WARN_COMMA = YES;
				CLANG_WARN_CONSTANT_CONVERSION = YES;
				CLANG_WARN_DEPRECATED_OBJC_IMPLEMENTATIONS = YES;
				CLANG_WARN_DIRECT_OBJC_ISA_USAGE = YES_ERROR;
				CLANG_WARN_DOCUMENTATION_COMMENTS = YES;
				CLANG_WARN_EMPTY_BODY = YES;
				CLANG_WARN_ENUM_CONVERSION = YES;
				CLANG_WARN_INFINITE_RECURSION = YES;
				CLANG_WARN_INT_CONVERSION = YES;
				CLANG_WARN_NON_LITERAL_NULL_CONVERSION = YES;
				CLANG_WARN_OBJC_IMPLICIT_RETAIN_SELF = YES;
				CLANG_WARN_OBJC_LITERAL_CONVERSION = YES;
				CLANG_WARN_OBJC_ROOT_CLASS = YES_ERROR;
				CLANG_WARN_QUOTED_INCLUDE_IN_FRAMEWORK_HEADER = YES;
				CLANG_WARN_RANGE_LOOP_ANALYSIS = YES;
				CLANG_WARN_STRICT_PROTOTYPES = YES;
				CLANG_WARN_SUSPICIOUS_MOVE = YES;
				CLANG_WARN_UNGUARDED_AVAILABILITY = YES_AGGRESSIVE;
				CLANG_WARN_UNREACHABLE_CODE = YES;
				CLANG_WARN__DUPLICATE_METHOD_MATCH = YES;
				COPY_PHASE_STRIP = NO;
				DEBUG_INFORMATION_FORMAT = "dwarf-with-dsym";
				ENABLE_NS_ASSERTIONS = NO;
				ENABLE_STRICT_OBJC_MSGSEND = YES;
				ENABLE_USER_SCRIPT_SANDBOXING = YES;
				GCC_C_LANGUAGE_STANDARD = gnu17;
				GCC_NO_COMMON_BLOCKS = YES;
				GCC_WARN_64_TO_32_BIT_CONVERSION = YES;
				GCC_WARN_ABOUT_RETURN_TYPE = YES_ERROR;
				GCC_WARN_UNDECLARED_SELECTOR = YES;
				GCC_WARN_UNINITIALIZED_AUTOS = YES_AGGRESSIVE;
				GCC_WARN_UNUSED_FUNCTION = YES;
				GCC_WARN_UNUSED_VARIABLE = YES;
				IPHONEOS_DEPLOYMENT_TARGET = 17.5;
				LOCALIZATION_PREFERS_STRING_CATALOGS = YES;
				MTL_ENABLE_DEBUG_INFO = NO;
				MTL_FAST_MATH = YES;
				SDKROOT = iphoneos;
				SWIFT_COMPILATION_MODE = wholemodule;
				VALIDATE_PRODUCT = YES;
			};
			name = Release;
		};
		1E3A1E7F2C78581A0096708D /* Debug */ = {
			isa = XCBuildConfiguration;
			buildSettings = {
				ASSETCATALOG_COMPILER_APPICON_NAME = AppIcon;
				ASSETCATALOG_COMPILER_GLOBAL_ACCENT_COLOR_NAME = AccentColor;
				CODE_SIGN_STYLE = Automatic;
				CURRENT_PROJECT_VERSION = 1;
				DEVELOPMENT_ASSET_PATHS = "\"Chuncheon/Preview Content\"";
				DEVELOPMENT_TEAM = R62RZ89ZRU;
				ENABLE_PREVIEWS = YES;
				GENERATE_INFOPLIST_FILE = YES;
				INFOPLIST_KEY_UIApplicationSceneManifest_Generation = YES;
				INFOPLIST_KEY_UIApplicationSupportsIndirectInputEvents = YES;
				INFOPLIST_KEY_UILaunchScreen_Generation = YES;
				INFOPLIST_KEY_UISupportedInterfaceOrientations_iPad = "UIInterfaceOrientationPortrait UIInterfaceOrientationPortraitUpsideDown UIInterfaceOrientationLandscapeLeft UIInterfaceOrientationLandscapeRight";
				INFOPLIST_KEY_UISupportedInterfaceOrientations_iPhone = "UIInterfaceOrientationPortrait UIInterfaceOrientationLandscapeLeft UIInterfaceOrientationLandscapeRight";
				LD_RUNPATH_SEARCH_PATHS = (
					"$(inherited)",
					"@executable_path/Frameworks",
				);
				MARKETING_VERSION = 1.0;
				PRODUCT_BUNDLE_IDENTIFIER = com.hackathon.Chuncheon;
				PRODUCT_NAME = "$(TARGET_NAME)";
				SWIFT_EMIT_LOC_STRINGS = YES;
				SWIFT_VERSION = 5.0;
				TARGETED_DEVICE_FAMILY = "1,2";
			};
			name = Debug;
		};
		1E3A1E802C78581A0096708D /* Release */ = {
			isa = XCBuildConfiguration;
			buildSettings = {
				ASSETCATALOG_COMPILER_APPICON_NAME = AppIcon;
				ASSETCATALOG_COMPILER_GLOBAL_ACCENT_COLOR_NAME = AccentColor;
				CODE_SIGN_STYLE = Automatic;
				CURRENT_PROJECT_VERSION = 1;
				DEVELOPMENT_ASSET_PATHS = "\"Chuncheon/Preview Content\"";
				DEVELOPMENT_TEAM = R62RZ89ZRU;
				ENABLE_PREVIEWS = YES;
				GENERATE_INFOPLIST_FILE = YES;
				INFOPLIST_KEY_UIApplicationSceneManifest_Generation = YES;
				INFOPLIST_KEY_UIApplicationSupportsIndirectInputEvents = YES;
				INFOPLIST_KEY_UILaunchScreen_Generation = YES;
				INFOPLIST_KEY_UISupportedInterfaceOrientations_iPad = "UIInterfaceOrientationPortrait UIInterfaceOrientationPortraitUpsideDown UIInterfaceOrientationLandscapeLeft UIInterfaceOrientationLandscapeRight";
				INFOPLIST_KEY_UISupportedInterfaceOrientations_iPhone = "UIInterfaceOrientationPortrait UIInterfaceOrientationLandscapeLeft UIInterfaceOrientationLandscapeRight";
				LD_RUNPATH_SEARCH_PATHS = (
					"$(inherited)",
					"@executable_path/Frameworks",
				);
				MARKETING_VERSION = 1.0;
				PRODUCT_BUNDLE_IDENTIFIER = com.hackathon.Chuncheon;
				PRODUCT_NAME = "$(TARGET_NAME)";
				SWIFT_EMIT_LOC_STRINGS = YES;
				SWIFT_VERSION = 5.0;
				TARGETED_DEVICE_FAMILY = "1,2";
			};
			name = Release;
		};
/* End XCBuildConfiguration section */

/* Begin XCConfigurationList section */
		1E3A1E6B2C7858190096708D /* Build configuration list for PBXProject "Chuncheon" */ = {
			isa = XCConfigurationList;
			buildConfigurations = (
				1E3A1E7C2C78581A0096708D /* Debug */,
				1E3A1E7D2C78581A0096708D /* Release */,
			);
			defaultConfigurationIsVisible = 0;
			defaultConfigurationName = Release;
		};
		1E3A1E7E2C78581A0096708D /* Build configuration list for PBXNativeTarget "Chuncheon" */ = {
			isa = XCConfigurationList;
			buildConfigurations = (
				1E3A1E7F2C78581A0096708D /* Debug */,
				1E3A1E802C78581A0096708D /* Release */,
			);
			defaultConfigurationIsVisible = 0;
			defaultConfigurationName = Release;
		};
/* End XCConfigurationList section */
	};
	rootObject = 1E3A1E682C7858190096708D /* Project object */;
}
